
Microsoft Visual Studio Solution File, Format Version 12.00
# Visual Studio 15
VisualStudioVersion = 15.0.28010.2041
MinimumVisualStudioVersion = 10.0.40219.1
Project("{9A19103F-16F7-4668-BE54-9A1E7A4F7556}") = "HiProgram", "HiProgram\HiProgram.csproj", "{8FA79563-27ED-4CEF-82A8-94439398EF05}"
EndProject
Project("{9A19103F-16F7-4668-BE54-9A1E7A4F7556}") = "AgeAfter10Years", "AgeAfter10Years\AgeAfter10Years.csproj", "{468CFF00-ABC6-4A36-AF77-7F39CE366704}"
EndProject
Project("{9A19103F-16F7-4668-BE54-9A1E7A4F7556}") = "MyUniqueNumber", "MyUniqueNumber\MyUniqueNumber.csproj", "{BEC9470F-8099-4A63-8A43-F89CD7D94F4F}"
EndProject
Project("{9A19103F-16F7-4668-BE54-9A1E7A4F7556}") = "4DigitInNumber", "4DigitInNumber\4DigitInNumber.csproj", "{6489E677-BB29-4256-ABC2-80B4DF1C7749}"
EndProject
Project("{9A19103F-16F7-4668-BE54-9A1E7A4F7556}") = "TravelingToSunWithSoundSpeed", "TravelingToSunWithSoundSpeed\TravelingToSunWithSoundSpeed.csproj", "{8129E78E-E66B-4425-8A11-AE0F730D9AB4}"
EndProject
Project("{9A19103F-16F7-4668-BE54-9A1E7A4F7556}") = "CalculateWeightInTheSolarSystem", "CalculateWeightInTheSolarSystem\CalculateWeightInTheSolarSystem.csproj", "{E2DD17E8-6A6E-4206-817B-C361876BAE57}"
EndProject
Project("{9A19103F-16F7-4668-BE54-9A1E7A4F7556}") = "DecartCoordinates", "DecartCoordinates\DecartCoordinates.csproj", "{BC5D4A14-BCE4-47AA-9C0A-2AE27E653DB2}"
EndProject
Project("{9A19103F-16F7-4668-BE54-9A1E7A4F7556}") = "BusTicketLuckyNumbers", "BusTicketLuckyNumbers\BusTicketLuckyNumbers.csproj", "{BA3101BD-5F6E-43CC-9AEA-51629066B13C}"
EndProject
Project("{9A19103F-16F7-4668-BE54-9A1E7A4F7556}") = "MiserPiggy", "MiserPiggy\MiserPiggy.csproj", "{72F853C3-1A44-4C55-A086-76797DD53560}"
EndProject
Project("{9A19103F-16F7-4668-BE54-9A1E7A4F7556}") = "SimpleDeckOfCards", "SimpleDeckOfCards\SimpleDeckOfCards.csproj", "{3A24E0FB-E7EF-4CE1-BEDE-9535087C67F4}"
EndProject
Project("{FAE04EC0-301F-11D3-BF4B-00C04F79EFBC}") = "WorkingWithSomeIntegers", "WorkingWithSomeIntegers\WorkingWithSomeIntegers.csproj", "{BB8C6679-87F9-4A6E-A64E-F5F21CAAF93C}"
EndProject
Project("{FAE04EC0-301F-11D3-BF4B-00C04F79EFBC}") = "WorkingWithSomeLetters", "WorkingWithSomeLetters\WorkingWithSomeLetters.csproj", "{A2B59E86-4581-46C0-8F9D-EAE0CDC23230}"
EndProject
Global
	GlobalSection(SolutionConfigurationPlatforms) = preSolution
		Debug|Any CPU = Debug|Any CPU
		Release|Any CPU = Release|Any CPU
	EndGlobalSection
	GlobalSection(ProjectConfigurationPlatforms) = postSolution
		{8FA79563-27ED-4CEF-82A8-94439398EF05}.Debug|Any CPU.ActiveCfg = Debug|Any CPU
		{8FA79563-27ED-4CEF-82A8-94439398EF05}.Debug|Any CPU.Build.0 = Debug|Any CPU
		{8FA79563-27ED-4CEF-82A8-94439398EF05}.Release|Any CPU.ActiveCfg = Release|Any CPU
		{8FA79563-27ED-4CEF-82A8-94439398EF05}.Release|Any CPU.Build.0 = Release|Any CPU
		{468CFF00-ABC6-4A36-AF77-7F39CE366704}.Debug|Any CPU.ActiveCfg = Debug|Any CPU
		{468CFF00-ABC6-4A36-AF77-7F39CE366704}.Debug|Any CPU.Build.0 = Debug|Any CPU
		{468CFF00-ABC6-4A36-AF77-7F39CE366704}.Release|Any CPU.ActiveCfg = Release|Any CPU
		{468CFF00-ABC6-4A36-AF77-7F39CE366704}.Release|Any CPU.Build.0 = Release|Any CPU
		{BEC9470F-8099-4A63-8A43-F89CD7D94F4F}.Debug|Any CPU.ActiveCfg = Debug|Any CPU
		{BEC9470F-8099-4A63-8A43-F89CD7D94F4F}.Debug|Any CPU.Build.0 = Debug|Any CPU
		{BEC9470F-8099-4A63-8A43-F89CD7D94F4F}.Release|Any CPU.ActiveCfg = Release|Any CPU
		{BEC9470F-8099-4A63-8A43-F89CD7D94F4F}.Release|Any CPU.Build.0 = Release|Any CPU
		{6489E677-BB29-4256-ABC2-80B4DF1C7749}.Debug|Any CPU.ActiveCfg = Debug|Any CPU
		{6489E677-BB29-4256-ABC2-80B4DF1C7749}.Debug|Any CPU.Build.0 = Debug|Any CPU
		{6489E677-BB29-4256-ABC2-80B4DF1C7749}.Release|Any CPU.ActiveCfg = Release|Any CPU
		{6489E677-BB29-4256-ABC2-80B4DF1C7749}.Release|Any CPU.Build.0 = Release|Any CPU
		{8129E78E-E66B-4425-8A11-AE0F730D9AB4}.Debug|Any CPU.ActiveCfg = Debug|Any CPU
		{8129E78E-E66B-4425-8A11-AE0F730D9AB4}.Debug|Any CPU.Build.0 = Debug|Any CPU
		{8129E78E-E66B-4425-8A11-AE0F730D9AB4}.Release|Any CPU.ActiveCfg = Release|Any CPU
		{8129E78E-E66B-4425-8A11-AE0F730D9AB4}.Release|Any CPU.Build.0 = Release|Any CPU
		{E2DD17E8-6A6E-4206-817B-C361876BAE57}.Debug|Any CPU.ActiveCfg = Debug|Any CPU
		{E2DD17E8-6A6E-4206-817B-C361876BAE57}.Debug|Any CPU.Build.0 = Debug|Any CPU
		{E2DD17E8-6A6E-4206-817B-C361876BAE57}.Release|Any CPU.ActiveCfg = Release|Any CPU
		{E2DD17E8-6A6E-4206-817B-C361876BAE57}.Release|Any CPU.Build.0 = Release|Any CPU
		{BC5D4A14-BCE4-47AA-9C0A-2AE27E653DB2}.Debug|Any CPU.ActiveCfg = Debug|Any CPU
		{BC5D4A14-BCE4-47AA-9C0A-2AE27E653DB2}.Debug|Any CPU.Build.0 = Debug|Any CPU
		{BC5D4A14-BCE4-47AA-9C0A-2AE27E653DB2}.Release|Any CPU.ActiveCfg = Release|Any CPU
		{BC5D4A14-BCE4-47AA-9C0A-2AE27E653DB2}.Release|Any CPU.Build.0 = Release|Any CPU
		{BA3101BD-5F6E-43CC-9AEA-51629066B13C}.Debug|Any CPU.ActiveCfg = Debug|Any CPU
		{BA3101BD-5F6E-43CC-9AEA-51629066B13C}.Debug|Any CPU.Build.0 = Debug|Any CPU
		{BA3101BD-5F6E-43CC-9AEA-51629066B13C}.Release|Any CPU.ActiveCfg = Release|Any CPU
		{BA3101BD-5F6E-43CC-9AEA-51629066B13C}.Release|Any CPU.Build.0 = Release|Any CPU
		{72F853C3-1A44-4C55-A086-76797DD53560}.Debug|Any CPU.ActiveCfg = Debug|Any CPU
		{72F853C3-1A44-4C55-A086-76797DD53560}.Debug|Any CPU.Build.0 = Debug|Any CPU
		{72F853C3-1A44-4C55-A086-76797DD53560}.Release|Any CPU.ActiveCfg = Release|Any CPU
		{72F853C3-1A44-4C55-A086-76797DD53560}.Release|Any CPU.Build.0 = Release|Any CPU
		{3A24E0FB-E7EF-4CE1-BEDE-9535087C67F4}.Debug|Any CPU.ActiveCfg = Debug|Any CPU
		{3A24E0FB-E7EF-4CE1-BEDE-9535087C67F4}.Debug|Any CPU.Build.0 = Debug|Any CPU
		{3A24E0FB-E7EF-4CE1-BEDE-9535087C67F4}.Release|Any CPU.ActiveCfg = Release|Any CPU
		{3A24E0FB-E7EF-4CE1-BEDE-9535087C67F4}.Release|Any CPU.Build.0 = Release|Any CPU
		{BB8C6679-87F9-4A6E-A64E-F5F21CAAF93C}.Debug|Any CPU.ActiveCfg = Debug|Any CPU
		{BB8C6679-87F9-4A6E-A64E-F5F21CAAF93C}.Debug|Any CPU.Build.0 = Debug|Any CPU
		{BB8C6679-87F9-4A6E-A64E-F5F21CAAF93C}.Release|Any CPU.ActiveCfg = Release|Any CPU
		{BB8C6679-87F9-4A6E-A64E-F5F21CAAF93C}.Release|Any CPU.Build.0 = Release|Any CPU
		{A2B59E86-4581-46C0-8F9D-EAE0CDC23230}.Debug|Any CPU.ActiveCfg = Debug|Any CPU
		{A2B59E86-4581-46C0-8F9D-EAE0CDC23230}.Debug|Any CPU.Build.0 = Debug|Any CPU
		{A2B59E86-4581-46C0-8F9D-EAE0CDC23230}.Release|Any CPU.ActiveCfg = Release|Any CPU
		{A2B59E86-4581-46C0-8F9D-EAE0CDC23230}.Release|Any CPU.Build.0 = Release|Any CPU
	EndGlobalSection
	GlobalSection(SolutionProperties) = preSolution
		HideSolutionNode = FALSE
	EndGlobalSection
	GlobalSection(ExtensibilityGlobals) = postSolution
		SolutionGuid = {5DE3994B-58C4-4173-8021-8A8D8B52E59A}
	EndGlobalSection
EndGlobal
